
Microsoft Visual Studio Solution File, Format Version 12.00
# Visual Studio Version 17
VisualStudioVersion = 17.12.35527.113
MinimumVisualStudioVersion = 10.0.40219.1
Project("{FAE04EC0-301F-11D3-BF4B-00C04F79EFBC}") = "WebApp", "WebApp.csproj", "{10BE78A6-7572-4E15-B759-F52683681536}"
EndProject
Project("{FAE04EC0-301F-11D3-BF4B-00C04F79EFBC}") = "Test", "..\Test\Test.csproj", "{2FC5ECBD-C3B7-4BBA-8F41-CB4BA09C637E}"
EndProject
Global
	GlobalSection(SolutionConfigurationPlatforms) = preSolution
		Debug|Any CPU = Debug|Any CPU
		Release|Any CPU = Release|Any CPU
	EndGlobalSection
	GlobalSection(ProjectConfigurationPlatforms) = postSolution
		{10BE78A6-7572-4E15-B759-F52683681536}.Debug|Any CPU.ActiveCfg = Debug|Any CPU
		{10BE78A6-7572-4E15-B759-F52683681536}.Debug|Any CPU.Build.0 = Debug|Any CPU
		{10BE78A6-7572-4E15-B759-F52683681536}.Release|Any CPU.ActiveCfg = Release|Any CPU
		{10BE78A6-7572-4E15-B759-F52683681536}.Release|Any CPU.Build.0 = Release|Any CPU
		{2FC5ECBD-C3B7-4BBA-8F41-CB4BA09C637E}.Debug|Any CPU.ActiveCfg = Debug|Any CPU
		{2FC5ECBD-C3B7-4BBA-8F41-CB4BA09C637E}.Debug|Any CPU.Build.0 = Debug|Any CPU
		{2FC5ECBD-C3B7-4BBA-8F41-CB4BA09C637E}.Release|Any CPU.ActiveCfg = Release|Any CPU
		{2FC5ECBD-C3B7-4BBA-8F41-CB4BA09C637E}.Release|Any CPU.Build.0 = Release|Any CPU
	EndGlobalSection
	GlobalSection(SolutionProperties) = preSolution
		HideSolutionNode = FALSE
	EndGlobalSection
EndGlobal
