
Microsoft Visual Studio Solution File, Format Version 12.00
# Visual Studio Version 17
VisualStudioVersion = 17.12.35309.182
MinimumVisualStudioVersion = 10.0.40219.1
Project("{9A19103F-16F7-4668-BE54-9A1E7A4F7556}") = "PackagingGenetic", "PackagingGenetic.csproj", "{14CD661C-6332-46B8-B264-954AE8351F27}"
EndProject
Global
	GlobalSection(SolutionConfigurationPlatforms) = preSolution
		Debug|Any CPU = Debug|Any CPU
		Release|Any CPU = Release|Any CPU
	EndGlobalSection
	GlobalSection(ProjectConfigurationPlatforms) = postSolution
		{14CD661C-6332-46B8-B264-954AE8351F27}.Debug|Any CPU.ActiveCfg = Debug|Any CPU
		{14CD661C-6332-46B8-B264-954AE8351F27}.Debug|Any CPU.Build.0 = Debug|Any CPU
		{14CD661C-6332-46B8-B264-954AE8351F27}.Release|Any CPU.ActiveCfg = Release|Any CPU
		{14CD661C-6332-46B8-B264-954AE8351F27}.Release|Any CPU.Build.0 = Release|Any CPU
	EndGlobalSection
	GlobalSection(SolutionProperties) = preSolution
		HideSolutionNode = FALSE
	EndGlobalSection
	GlobalSection(ExtensibilityGlobals) = postSolution
		SolutionGuid = {49F48706-F90C-4267-A1B7-9A7BE1B2A99F}
	EndGlobalSection
EndGlobal
